
Microsoft Visual Studio Solution File, Format Version 12.00
# Visual Studio Version 17
VisualStudioVersion = 17.4.33213.308
MinimumVisualStudioVersion = 10.0.40219.1
Project("{FAE04EC0-301F-11D3-BF4B-00C04F79EFBC}") = "ConsoleApp1", "ConsoleApp1\ConsoleApp1.csproj", "{D052E1AE-9933-4D4D-AD9F-ED810F08B09A}"
EndProject
Global
	GlobalSection(SolutionConfigurationPlatforms) = preSolution
		Debug|Any CPU = Debug|Any CPU
		Release|Any CPU = Release|Any CPU
	EndGlobalSection
	GlobalSection(ProjectConfigurationPlatforms) = postSolution
		{D052E1AE-9933-4D4D-AD9F-ED810F08B09A}.Debug|Any CPU.ActiveCfg = Debug|Any CPU
		{D052E1AE-9933-4D4D-AD9F-ED810F08B09A}.Debug|Any CPU.Build.0 = Debug|Any CPU
		{D052E1AE-9933-4D4D-AD9F-ED810F08B09A}.Release|Any CPU.ActiveCfg = Release|Any CPU
		{D052E1AE-9933-4D4D-AD9F-ED810F08B09A}.Release|Any CPU.Build.0 = Release|Any CPU
	EndGlobalSection
	GlobalSection(SolutionProperties) = preSolution
		HideSolutionNode = FALSE
	EndGlobalSection
	GlobalSection(ExtensibilityGlobals) = postSolution
		SolutionGuid = {4D6426B6-F3F3-484A-B244-687D22246DAE}
	EndGlobalSection
EndGlobal
